
Microsoft Visual Studio Solution File, Format Version 12.00
# Visual Studio Version 16
VisualStudioVersion = 16.0.29411.108
MinimumVisualStudioVersion = 10.0.40219.1
Project("{FAE04EC0-301F-11D3-BF4B-00C04F79EFBC}") = "GussingGameWeb", "GussingGameWeb\GussingGameWeb.csproj", "{663E1CCE-FF01-4072-A041-280A74434507}"
EndProject
Global
	GlobalSection(SolutionConfigurationPlatforms) = preSolution
		Debug|Any CPU = Debug|Any CPU
		Release|Any CPU = Release|Any CPU
	EndGlobalSection
	GlobalSection(ProjectConfigurationPlatforms) = postSolution
		{663E1CCE-FF01-4072-A041-280A74434507}.Debug|Any CPU.ActiveCfg = Debug|Any CPU
		{663E1CCE-FF01-4072-A041-280A74434507}.Debug|Any CPU.Build.0 = Debug|Any CPU
		{663E1CCE-FF01-4072-A041-280A74434507}.Release|Any CPU.ActiveCfg = Release|Any CPU
		{663E1CCE-FF01-4072-A041-280A74434507}.Release|Any CPU.Build.0 = Release|Any CPU
	EndGlobalSection
	GlobalSection(SolutionProperties) = preSolution
		HideSolutionNode = FALSE
	EndGlobalSection
	GlobalSection(ExtensibilityGlobals) = postSolution
		SolutionGuid = {2ADE3655-B234-4865-8EAA-72FC13990DF0}
	EndGlobalSection
EndGlobal
